version = 1
revision = 3
requires-python = ">=3.11"

[[package]]
name = "agent-learning"
version = "0.1.0"
source = { virtual = "." }
dependencies = [
    { name = "httpx" },
    { name = "opentelemetry-api" },
    { name = "opentelemetry-exporter-otlp-proto-http" },
    { name = "opentelemetry-sdk" },
    { name = "python-dotenv" },
]

[package.metadata]
requires-dist = [
    { name = "httpx", specifier = ">=0.27" },
    { name = "opentelemetry-api", specifier = ">=1.28" },
    { name = "opentelemetry-exporter-otlp-proto-http", specifier = ">=1.28" },
    { name = "opentelemetry-sdk", specifier = ">=1.28" },
    { name = "python-dotenv", specifier = ">=1.0" },
]

[[package]]
name = "anyio"
version = "4.15.1"
source = { registry = "https://mirrors.tencent.com/pypi/simple" }
dependencies = [
    { name = "idna" },
    { name = "typing-extensions", marker = "python_full_version < '3.15'" },
]
sdist = { url = "https://mirrors.tencent.com/pypi/packages/a9/d2/f4d173e22df740bc37b1db102b386ba719b66e95b0f0d751f556b387e6d2/anyio-4.15.1.tar.gz", hash = "sha256:9f28306018cbd6d329e64a36d58256edff76dd996fe423bc957326e578b82a94" }
wheels = [
    { url = "https://mirrors.tencent.com/pypi/packages/12/b8/4bd346e22b28902df4d651910f5242c28d84e4a5c2435ca5c3f797ed7e2e/anyio-4.15.1-py3-none-any.whl", hash = "sha256:6152fdbbf9a77fdec97731721bebf7c4c44f7c29b424b0065826173efc7ed101" },
]

[[package]]
name = "certifi"
version = "2026.7.22"
source = { registry = "https://mirrors.tencent.com/pypi/simple" }
sdist = { url = "https://mirrors.tencent.com/pypi/packages/a3/c2/24167ea9858356b47a87a50d39908bfdb72ceeefe0041586e704e5376b3a/certifi-2026.7.22.tar.gz", hash = "sha256:741e2c3b351ddf169a738da9f2c048608ff7f2c5cc02f1ebc6b118bb090d5d55" }
wheels = [
    { url = "https://mirrors.tencent.com/pypi/packages/0b/a7/71ac2cff56fec219ed242bb11b8efb69fcc4bec75db06fb7bfe35de520e6/certifi-2026.7.22-py3-none-any.whl", hash = "sha256:62f22742b58a1a33014a2b6b706588a8d7e2a88ae7bd1a6ebe8c992928483775" },
]

[[package]]
name = "googleapis-common-protos"
version = "1.75.5"
source = { registry = "https://mirrors.tencent.com/pypi/simple" }
dependencies = [
    { name = "protobuf" },
]
sdist = { url = "https://mirrors.tencent.com/pypi/packages/8d/2b/6ce81972d5c8cab9705fddce3153be63222d9e12fd96f8baba5038a744dd/googleapis_common_protos-1.75.5.tar.gz", hash = "sha256:c7a866fc34ed29a3b10af627a4b9b1dc2433313ca6e959f0ae4feb132047ed72" }
wheels = [
    { url = "https://mirrors.tencent.com/pypi/packages/65/b9/6b29500a1c581ff4d77fd83c6568d068bee06f1b139fb6eb0a4f2d4bce8a/googleapis_common_protos-1.75.5-py3-none-any.whl", hash = "sha256:d7285525c23039db98f2463e6d5a4f9b958b94d497f03a844ece3259c4e72d5d" },
]

[[package]]
name = "h11"
version = "0.16.0"
source = { registry = "https://mirrors.tencent.com/pypi/simple" }
sdist = { url = "https://mirrors.tencent.com/pypi/packages/01/ee/02a2c011bdab74c6fb3c75474d40b3052059d95df7e73351460c8588d963/h11-0.16.0.tar.gz", hash = "sha256:4e35b956cf45792e4caa5885e69fba00bdbc6ffafbfa020300e549b208ee5ff1" }
wheels = [
    { url = "https://mirrors.tencent.com/pypi/packages/04/4b/29cac41a4d98d144bf5f6d33995617b185d14b22401f75ca86f384e87ff1/h11-0.16.0-py3-none-any.whl", hash = "sha256:63cf8bbe7522de3bf65932fda1d9c2772064ffb3dae62d55932da54b31cb6c86" },
]

[[package]]
name = "httpcore"
version = "1.0.9"
source = { registry = "https://mirrors.tencent.com/pypi/simple" }
dependencies = [
    { name = "certifi" },
    { name = "h11" },
]
sdist = { url = "https://mirrors.tencent.com/pypi/packages/06/94/82699a10bca87a5556c9c59b5963f2d039dbd239f25bc2a63907a05a14cb/httpcore-1.0.9.tar.gz", hash = "sha256:6e34463af53fd2ab5d807f399a9b45ea31c3dfa2276f15a2c3f00afff6e176e8" }
wheels = [
    { url = "https://mirrors.tencent.com/pypi/packages/7e/f5/f66802a942d491edb555dd61e3a9961140fd64c90bce1eafd741609d334d/httpcore-1.0.9-py3-none-any.whl", hash = "sha256:2d400746a40668fc9dec9810239072b40b4484b640a8c38fd654a024c7a1bf55" },
]

[[package]]
name = "httpx"
version = "0.28.1"
source = { registry = "https://mirrors.tencent.com/pypi/simple" }
dependencies = [
    { name = "anyio" },
    { name = "certifi" },
    { name = "httpcore" },
    { name = "idna" },
]
sdist = { url = "https://mirrors.tencent.com/pypi/packages/b1/df/48c586a5fe32a0f01324ee087459e112ebb7224f646c0b5023f5e79e9956/httpx-0.28.1.tar.gz", hash = "sha256:75e98c5f16b0f35b567856f597f06ff2270a374470a5c2392242528e3e3e42fc" }
wheels = [
    { url = "https://mirrors.tencent.com/pypi/packages/2a/39/e50c7c3a983047577ee07d2a9e53faf5a69493943ec3f6a384bdc792deb2/httpx-0.28.1-py3-none-any.whl", hash = "sha256:d909fcccc110f8c7faf814ca82a9a4d816bc5a6dbfea25d6591d6985b8ba59ad" },
]

[[package]]
name = "idna"
version = "3.20"
source = { registry = "https://mirrors.tencent.com/pypi/simple" }
sdist = { url = "https://mirrors.tencent.com/pypi/packages/f5/08/8eea9d4b8302028f3abb2c0813953f7aec26d33b7a8960ed760e65ff29fa/idna-3.20.tar.gz", hash = "sha256:a7db850025b95ded1eae8a46181a1a6c56c92c96f0e2b005d9ff8dc0210cab44" }
wheels = [
    { url = "https://mirrors.tencent.com/pypi/packages/58/a2/bb081bab032533a855d44de1d56f8e8426114ff1ba5d1f07a438a0a654f8/idna-3.20-py3-none-any.whl", hash = "sha256:ab7ae7122974553370f0bdb919e1a960b2cd1bc1ef0276416d896db81c14582c" },
]

[[package]]
name = "opentelemetry-api"
version = "1.45.0"
source = { registry = "https://mirrors.tencent.com/pypi/simple" }
dependencies = [
    { name = "typing-extensions" },
]
sdist = { url = "https://mirrors.tencent.com/pypi/packages/1f/dc/e12c1fe1ed8a7b7149777127b1a0e12ce5bd5a81d97408bedc2128c260f5/opentelemetry_api-1.45.0.tar.gz", hash = "sha256:711ede81773c8025c2c03dac0450bc89f3d30aea6eabcc815c570d4e35a963f7" }
wheels = [
    { url = "https://mirrors.tencent.com/pypi/packages/44/b9/040d1a1c7836922828e6480cd2366bb8fe0ebf75b413d2bb51a9b0e7f78f/opentelemetry_api-1.45.0-py3-none-any.whl", hash = "sha256:80e068aba7cd56c8b58512d6a36f8d25cb1dfaa0c0a4cc1c938ccf9f362d9cb3" },
]

[[package]]
name = "opentelemetry-exporter-http-transport"
version = "0.66b0"
source = { registry = "https://mirrors.tencent.com/pypi/simple" }
dependencies = [
    { name = "opentelemetry-api" },
]
sdist = { url = "https://mirrors.tencent.com/pypi/packages/5e/31/cbedb10e08c3c932b80f58edf055a16bb48a500c23c617b758fb3ec18f08/opentelemetry_exporter_http_transport-0.66b0.tar.gz", hash = "sha256:2c229b6593eaa22c86d9b8a15843dc23b406dbda00fb138339189aab07923b4e" }
wheels = [
    { url = "https://mirrors.tencent.com/pypi/packages/b1/65/34d7106eb45acda40f016c5b31b313ffbbf4744acd5f099f29eaf2958b4d/opentelemetry_exporter_http_transport-0.66b0-py3-none-any.whl", hash = "sha256:c82689928a11505a2a0a26a04afe0ce06d270d3db984bc16c1a80ffa902db00e" },
]

[package.optional-dependencies]
urllib3 = [
    { name = "urllib3" },
]

[[package]]
name = "opentelemetry-exporter-otlp-common"
version = "0.66b0"
source = { registry = "https://mirrors.tencent.com/pypi/simple" }
dependencies = [
    { name = "opentelemetry-sdk" },
]
sdist = { url = "https://mirrors.tencent.com/pypi/packages/68/09/01239cdfe8a414d46ed625b68b6da92666ffd16d93cc6dadf89404b4bd85/opentelemetry_exporter_otlp_common-0.66b0.tar.gz", hash = "sha256:362268ec6aa705e183776ff938539df1e8ce45bc5509d242538b1d40c26fe6a6" }
wheels = [
    { url = "https://mirrors.tencent.com/pypi/packages/c3/a9/b6a7a9d40ba99ed71b18e17310339024b086578f5f32162df1c1c0cf6270/opentelemetry_exporter_otlp_common-0.66b0-py3-none-any.whl", hash = "sha256:35d24c867310f4713a9738b0202b6bade77955418fccb9e2f7eea01b76263916" },
]

[[package]]
name = "opentelemetry-exporter-otlp-proto-common"
version = "1.45.0"
source = { registry = "https://mirrors.tencent.com/pypi/simple" }
dependencies = [
    { name = "opentelemetry-proto" },
]
sdist = { url = "https://mirrors.tencent.com/pypi/packages/e5/e0/ee3823dbdc10da15b5750becc37b61194dd7c55e3b56764ecbbe446f659a/opentelemetry_exporter_otlp_proto_common-1.45.0.tar.gz", hash = "sha256:36495115a0c6a7aa946cfda9d59b6ed4e917b6ab0f75cdaf66bc1b176ec1be1f" }
wheels = [
    { url = "https://mirrors.tencent.com/pypi/packages/f0/bf/3e21917368a81282ce9fc6d085a944dcaea6eed19de7d29cc979375db347/opentelemetry_exporter_otlp_proto_common-1.45.0-py3-none-any.whl", hash = "sha256:7e1410ae6d3ed301f7a74bec96467d519d3f37e52f9d95b309ae125e5a1af863" },
]

[[package]]
name = "opentelemetry-exporter-otlp-proto-http"
version = "1.45.0"
source = { registry = "https://mirrors.tencent.com/pypi/simple" }
dependencies = [
    { name = "googleapis-common-protos" },
    { name = "opentelemetry-api" },
    { name = "opentelemetry-exporter-http-transport", extra = ["urllib3"] },
    { name = "opentelemetry-exporter-otlp-common" },
    { name = "opentelemetry-exporter-otlp-proto-common" },
    { name = "opentelemetry-proto" },
    { name = "opentelemetry-sdk" },
    { name = "typing-extensions" },
]
sdist = { url = "https://mirrors.tencent.com/pypi/packages/94/78/a503801c1c8f80b1d8aad0e14106a7c57f39344001652a78a683f9a9089e/opentelemetry_exporter_otlp_proto_http-1.45.0.tar.gz", hash = "sha256:2f35496d96809f946f41b8805e6b93aec6c9b71b5fd759b75b6af4c084d992ae" }
wheels = [
    { url = "https://mirrors.tencent.com/pypi/packages/e7/18/875e0ee47e035f324e42eda9aab47d58381a4412181dca251d3504e24680/opentelemetry_exporter_otlp_proto_http-1.45.0-py3-none-any.whl", hash = "sha256:74385f99266dafdefff41f3da4b76f6dba79d237a9d4487e6ff1ee653c74a0a3" },
]

[[package]]
name = "opentelemetry-proto"
version = "1.45.0"
source = { registry = "https://mirrors.tencent.com/pypi/simple" }
dependencies = [
    { name = "protobuf" },
]
sdist = { url = "https://mirrors.tencent.com/pypi/packages/72/28/67c38cfb7e2bdfdd0cde7dcdd0424aed0291fbd64aa4ea3e7e913734711a/opentelemetry_proto-1.45.0.tar.gz", hash = "sha256:96ee414f24bc3f61ea8e17dc56b4348d4049d73db3eb17c6b3edf75b5b403300" }
wheels = [
    { url = "https://mirrors.tencent.com/pypi/packages/6b/45/814d55714507c7ce9c9cd86a4f83ceb5a74ab0bffcc63ff493943f138de2/opentelemetry_proto-1.45.0-py3-none-any.whl", hash = "sha256:9731566359d7b8e1ee1e149d8e4ad6865bab965e657ad3387ec2784d16927666" },
]

[[package]]
name = "opentelemetry-sdk"
version = "1.45.0"
source = { registry = "https://mirrors.tencent.com/pypi/simple" }
dependencies = [
    { name = "opentelemetry-api" },
    { name = "opentelemetry-semantic-conventions" },
    { name = "typing-extensions" },
]
sdist = { url = "https://mirrors.tencent.com/pypi/packages/ac/ed/ad32d76cc86ebce601105d01d13f8a08d6abc1852eaf69d79cf199bc1ee7/opentelemetry_sdk-1.45.0.tar.gz", hash = "sha256:20caa5130505e386c67c3da1c76e446c842698ced54c76c6148679539aa97972" }
wheels = [
    { url = "https://mirrors.tencent.com/pypi/packages/8a/ae/46963201ce58d6b86f9e54087a39720a35ac9f57c3a9e440d275995c2b02/opentelemetry_sdk-1.45.0-py3-none-any.whl", hash = "sha256:5dc634c946546f61b757c5b1781f9fd1a10e96ffaf7357c797e508fe9c57e75e" },
]

[[package]]
name = "opentelemetry-semantic-conventions"
version = "0.66b0"
source = { registry = "https://mirrors.tencent.com/pypi/simple" }
dependencies = [
    { name = "opentelemetry-api" },
    { name = "typing-extensions" },
]
sdist = { url = "https://mirrors.tencent.com/pypi/packages/2e/21/910f085c0b83b80e45c341c7859baef37c877046b2c44c88d5ff2d5db948/opentelemetry_semantic_conventions-0.66b0.tar.gz", hash = "sha256:97a77dce484c54861e7eeff7651fd8a806dd3c30e501dc316730215ec36890e6" }
wheels = [
    { url = "https://mirrors.tencent.com/pypi/packages/f4/93/2ad416d69c4ca8fd21ebc6894f23f4eda744dc6f43a14d7a9ffd7ed3abbd/opentelemetry_semantic_conventions-0.66b0-py3-none-any.whl", hash = "sha256:175b19dd98c4473f4f43a2b1df59186fd7b4a48cd3f77cbe03438b6d6fda230a" },
]

[[package]]
name = "protobuf"
version = "7.36.2"
source = { registry = "https://mirrors.tencent.com/pypi/simple" }
sdist = { url = "https://mirrors.tencent.com/pypi/packages/d9/89/5b8517baa72f84a67b8a307ba953c91057af618bf40bf676f3c03551f8f0/protobuf-7.36.2.tar.gz", hash = "sha256:497d0463ff3316681da6c0b9e8d06cb465d61abce00b613ab42226175644d1bb" }
wheels = [
    { url = "https://mirrors.tencent.com/pypi/packages/32/72/98342feb672507c8f3a69e34b4fa8961f608edba5c1a48a6f47156d92cb5/protobuf-7.36.2-cp310-abi3-macosx_10_9_universal2.whl", hash = "sha256:cbc70b17ee27e28894c7fee8bb04be1abead49e936bc70eb60052531eee2079e" },
    { url = "https://mirrors.tencent.com/pypi/packages/b6/ea/91fdf7c2b8bbd49cde056f00a9df6773532987e1c00fe2830b895af95c7e/protobuf-7.36.2-cp310-abi3-manylinux2014_aarch64.whl", hash = "sha256:e11e1f0180583a2af89db6a2ecd9e8dc40aa6d2988ca175bfd0e6d12ea72d74e" },
    { url = "https://mirrors.tencent.com/pypi/packages/17/ab/5fd5f8ece73fad885c5a09aa849b32d70472f954ba3a92d3bb5974ea953b/protobuf-7.36.2-cp310-abi3-manylinux2014_s390x.whl", hash = "sha256:f4fee11ec330d238b34a05c9b675f693c20415d1c5bd7d5320cc2f8a798eb9cf" },
    { url = "https://mirrors.tencent.com/pypi/packages/db/f3/3996583dd2906297a637af12114deddf7658af6e683fedb83be061983fb5/protobuf-7.36.2-cp310-abi3-manylinux2014_x86_64.whl", hash = "sha256:89f23aa53c24553a2416fd4fd1ec06f74fa42b14b546d8883128813f775bbfd2" },
    { url = "https://mirrors.tencent.com/pypi/packages/fc/1b/dcc64f358fcb51811b58ae40b3d28f820725f116d86487cc20bd4b130701/protobuf-7.36.2-cp310-abi3-win32.whl", hash = "sha256:912c1221170e16c08d1f086762f563dd61ff83c18b5fa6652952dfaded66f728" },
    { url = "https://mirrors.tencent.com/pypi/packages/8a/55/b77bda4e5e5f5971fb51b07663694690e9afdb9402136c16a522bd621cad/protobuf-7.36.2-cp310-abi3-win_amd64.whl", hash = "sha256:a300819d441e078a5608c0d3c709796bb548136058fda017ae51d425b44fd353" },
    { url = "https://mirrors.tencent.com/pypi/packages/e4/04/d52c7016b04b6c5108f26691f9d33ec82a9b65d041f1a9c771137693d618/protobuf-7.36.2-py3-none-any.whl", hash = "sha256:bdb3a345d48db958e6ce1f18e508beb0cc981d64f24088427549c866cd039f1e" },
]

[[package]]
name = "python-dotenv"
version = "1.2.4"
source = { registry = "https://mirrors.tencent.com/pypi/simple" }
sdist = { url = "https://mirrors.tencent.com/pypi/packages/74/26/2fbeedb218a787a5eea551c7532cac4e009f83d689dd2faa0d0353473f86/python_dotenv-1.2.4.tar.gz", hash = "sha256:f0d53e69935a851c0dcc78f3ab7aaccd8cabef0b92382b576b824212902873c0" }
wheels = [
    { url = "https://mirrors.tencent.com/pypi/packages/60/d1/38f3a3405989a89ac18390803e70c6ad7c7760da4f9b83cbeca0c44a0c72/python_dotenv-1.2.4-py3-none-any.whl", hash = "sha256:42269a8a5b3fd54ffa6f3d84b18abed50064717576b4ecf03dc4a55d8aa04fdc" },
]

[[package]]
name = "typing-extensions"
version = "4.16.0"
source = { registry = "https://mirrors.tencent.com/pypi/simple" }
sdist = { url = "https://mirrors.tencent.com/pypi/packages/f6/cc/6253133b5bb138fc3306cebfbda2c520f545d36b5be2c7255cc528bb45d6/typing_extensions-4.16.0.tar.gz", hash = "sha256:dc983d19a509c94dba722ee6abd33940f7c05a89e243c47e907eb4db6f1a43e5" }
wheels = [
    { url = "https://mirrors.tencent.com/pypi/packages/49/d3/b8441a820a491ddfc024b0b0cf0393375b75ea13866d9c66727e54c2fc80/typing_extensions-4.16.0-py3-none-any.whl", hash = "sha256:481caa481374e813c1b176ada14e97f1f67a4539ce9cfeb3f350d78d6370c2e8" },
]

[[package]]
name = "urllib3"
version = "2.8.0"
source = { registry = "https://mirrors.tencent.com/pypi/simple" }
sdist = { url = "https://mirrors.tencent.com/pypi/packages/e3/05/b17359e1cefb4f909b5e40b1b90a496d987258916dbbf88e842c729f510e/urllib3-2.8.0.tar.gz", hash = "sha256:63bf2ead4c879426ebf22ef2a781eeb4aa3b4ae798a0435506f8687fd5bb9b63" }
wheels = [
    { url = "https://mirrors.tencent.com/pypi/packages/92/9d/c4e665119135114480843e7ab388fa94d8480650450e6f8e26b70d323a4c/urllib3-2.8.0-py3-none-any.whl", hash = "sha256:0cf3cae568d36aa9576b28dfb35f11328f1cb974ca7647d9475ebb86c75ac6e3" },
]
